// !$*UTF8*$!
{
	archiveVersion = 1;
	classes = {
	};
	objectVersion = 56;
	objects = {

/* Begin PBXBuildFile section */
		150159BC2AD8412B00DEA26E /* ListItemView.swift in Sources */ = {isa = PBXBuildFile; fileRef = 150159BB2AD8412B00DEA26E /* ListItemView.swift */; };
		151365EF2B1E5B7900CC38FD /* Localizable.xcstrings in Resources */ = {isa = PBXBuildFile; fileRef = 15C768EA2AD6F3E100CC440C /* Localizable.xcstrings */; };
		153D21EE2B1E55EB005B17E1 /* hausaufgaben_watchApp.swift in Sources */ = {isa = PBXBuildFile; fileRef = 153D21ED2B1E55EB005B17E1 /* hausaufgaben_watchApp.swift */; };
		153D21F02B1E55EB005B17E1 /* ContentView.swift in Sources */ = {isa = PBXBuildFile; fileRef = 153D21EF2B1E55EB005B17E1 /* ContentView.swift */; };
		153D21F52B1E55ED005B17E1 /* Preview Assets.xcassets in Resources */ = {isa = PBXBuildFile; fileRef = 153D21F42B1E55ED005B17E1 /* Preview Assets.xcassets */; };
		153D21F82B1E55ED005B17E1 /* HappyWork.app in Embed Watch Content */ = {isa = PBXBuildFile; fileRef = 153D21EB2B1E55EB005B17E1 /* HappyWork.app */; platformFilter = ios; settings = {ATTRIBUTES = (RemoveHeadersOnCopy, ); }; };
		153D21FD2B1E565B005B17E1 /* HomeworkListView.swift in Sources */ = {isa = PBXBuildFile; fileRef = 150159B62AD8405200DEA26E /* HomeworkListView.swift */; };
		153D21FE2B1E565B005B17E1 /* ListItemView.swift in Sources */ = {isa = PBXBuildFile; fileRef = 150159BD2AD841BC00DEA26E /* ListItemView.swift */; };
		153D21FF2B1E565B005B17E1 /* ItemDetailView.swift in Sources */ = {isa = PBXBuildFile; fileRef = 150159BF2AD8446500DEA26E /* ItemDetailView.swift */; };
		157CA27F2B1F8C48006C8491 /* Assets.xcassets in Resources */ = {isa = PBXBuildFile; fileRef = 157CA27E2B1F8C48006C8491 /* Assets.xcassets */; };
		15A492FC2912D8F500A22C72 /* hausaufgabenApp.swift in Sources */ = {isa = PBXBuildFile; fileRef = 15A492FB2912D8F500A22C72 /* hausaufgabenApp.swift */; };
		15A493002912D8F600A22C72 /* Assets.xcassets in Resources */ = {isa = PBXBuildFile; fileRef = 15A492FF2912D8F600A22C72 /* Assets.xcassets */; };
		15A493032912D8F600A22C72 /* Preview Assets.xcassets in Resources */ = {isa = PBXBuildFile; fileRef = 15A493022912D8F600A22C72 /* Preview Assets.xcassets */; };
		15C768E92AD6F1F900CC440C /* HomeworkListView.swift in Sources */ = {isa = PBXBuildFile; fileRef = 15C768E82AD6F1F900CC440C /* HomeworkListView.swift */; };
		15C768EB2AD6F3E100CC440C /* Localizable.xcstrings in Resources */ = {isa = PBXBuildFile; fileRef = 15C768EA2AD6F3E100CC440C /* Localizable.xcstrings */; };
		15C80AFA2B1F6BD3003DA9F0 /* ContentView.swift in Sources */ = {isa = PBXBuildFile; fileRef = 153D21EF2B1E55EB005B17E1 /* ContentView.swift */; };
		15F4AF412B1F456C00684F4D /* Homework.swift in Sources */ = {isa = PBXBuildFile; fileRef = 15F4AF3C2B1F456C00684F4D /* Homework.swift */; };
		15F4AF422B1F456C00684F4D /* Homework.swift in Sources */ = {isa = PBXBuildFile; fileRef = 15F4AF3C2B1F456C00684F4D /* Homework.swift */; };
		15F4AF432B1F456C00684F4D /* LICENSE in Resources */ = {isa = PBXBuildFile; fileRef = 15F4AF3D2B1F456C00684F4D /* LICENSE */; };
		15F4AF442B1F456C00684F4D /* LICENSE in Resources */ = {isa = PBXBuildFile; fileRef = 15F4AF3D2B1F456C00684F4D /* LICENSE */; };
		15F4AF452B1F456C00684F4D /* AddView.swift in Sources */ = {isa = PBXBuildFile; fileRef = 15F4AF3F2B1F456C00684F4D /* AddView.swift */; };
		15F4AF462B1F456C00684F4D /* AddView.swift in Sources */ = {isa = PBXBuildFile; fileRef = 15F4AF3F2B1F456C00684F4D /* AddView.swift */; };
		15F4AF472B1F456C00684F4D /* StarView.swift in Sources */ = {isa = PBXBuildFile; fileRef = 15F4AF402B1F456C00684F4D /* StarView.swift */; };
		15F4AF482B1F456C00684F4D /* StarView.swift in Sources */ = {isa = PBXBuildFile; fileRef = 15F4AF402B1F456C00684F4D /* StarView.swift */; };
/* End PBXBuildFile section */

/* Begin PBXContainerItemProxy section */
		153D21F62B1E55ED005B17E1 /* PBXContainerItemProxy */ = {
			isa = PBXContainerItemProxy;
			containerPortal = 15A492F02912D8F500A22C72 /* Project object */;
			proxyType = 1;
			remoteGlobalIDString = 153D21EA2B1E55EB005B17E1;
			remoteInfo = "hausaufgaben-watch Watch App";
		};
/* End PBXContainerItemProxy section */

/* Begin PBXCopyFilesBuildPhase section */
		1501599A2AD83F6000DEA26E /* Embed Watch Content */ = {
			isa = PBXCopyFilesBuildPhase;
			buildActionMask = 2147483647;
			dstPath = "$(CONTENTS_FOLDER_PATH)/Watch";
			dstSubfolderSpec = 16;
			files = (
				153D21F82B1E55ED005B17E1 /* HappyWork.app in Embed Watch Content */,
			);
			name = "Embed Watch Content";
			runOnlyForDeploymentPostprocessing = 0;
		};
/* End PBXCopyFilesBuildPhase section */

/* Begin PBXFileReference section */
		150159B62AD8405200DEA26E /* HomeworkListView.swift */ = {isa = PBXFileReference; lastKnownFileType = sourcecode.swift; path = HomeworkListView.swift; sourceTree = "<group>"; };
		150159BB2AD8412B00DEA26E /* ListItemView.swift */ = {isa = PBXFileReference; lastKnownFileType = sourcecode.swift; path = ListItemView.swift; sourceTree = "<group>"; };
		150159BD2AD841BC00DEA26E /* ListItemView.swift */ = {isa = PBXFileReference; lastKnownFileType = sourcecode.swift; path = ListItemView.swift; sourceTree = "<group>"; };
		150159BF2AD8446500DEA26E /* ItemDetailView.swift */ = {isa = PBXFileReference; lastKnownFileType = sourcecode.swift; path = ItemDetailView.swift; sourceTree = "<group>"; };
		153D21EB2B1E55EB005B17E1 /* HappyWork.app */ = {isa = PBXFileReference; explicitFileType = wrapper.application; includeInIndex = 0; path = HappyWork.app; sourceTree = BUILT_PRODUCTS_DIR; };
		153D21ED2B1E55EB005B17E1 /* hausaufgaben_watchApp.swift */ = {isa = PBXFileReference; lastKnownFileType = sourcecode.swift; path = hausaufgaben_watchApp.swift; sourceTree = "<group>"; };
		153D21EF2B1E55EB005B17E1 /* ContentView.swift */ = {isa = PBXFileReference; lastKnownFileType = sourcecode.swift; path = ContentView.swift; sourceTree = "<group>"; };
		153D21F42B1E55ED005B17E1 /* Preview Assets.xcassets */ = {isa = PBXFileReference; lastKnownFileType = folder.assetcatalog; path = "Preview Assets.xcassets"; sourceTree = "<group>"; };
		156B36CE2B1F38A000D6B5D1 /*  */ = {isa = PBXFileReference; lastKnownFileType = folder; name = ""; sourceTree = SOURCE_ROOT; };
		15761F7629D6BA520073799E /* Info.plist */ = {isa = PBXFileReference; lastKnownFileType = text.plist; path = Info.plist; sourceTree = "<group>"; };
		157CA27E2B1F8C48006C8491 /* Assets.xcassets */ = {isa = PBXFileReference; lastKnownFileType = folder.assetcatalog; path = Assets.xcassets; sourceTree = "<group>"; };
		157CA2802B1F9B30006C8491 /* hausaufgaben.entitlements */ = {isa = PBXFileReference; lastKnownFileType = text.plist.entitlements; path = hausaufgaben.entitlements; sourceTree = "<group>"; };
		157CA2812B1F9B46006C8491 /* hausaufgaben-watch Watch App.entitlements */ = {isa = PBXFileReference; lastKnownFileType = text.plist.entitlements; path = "hausaufgaben-watch Watch App.entitlements"; sourceTree = "<group>"; };
		15A492F82912D8F500A22C72 /* hausaufgaben.app */ = {isa = PBXFileReference; explicitFileType = wrapper.application; includeInIndex = 0; path = hausaufgaben.app; sourceTree = BUILT_PRODUCTS_DIR; };
		15A492FB2912D8F500A22C72 /* hausaufgabenApp.swift */ = {isa = PBXFileReference; lastKnownFileType = sourcecode.swift; path = hausaufgabenApp.swift; sourceTree = "<group>"; };
		15A492FF2912D8F600A22C72 /* Assets.xcassets */ = {isa = PBXFileReference; lastKnownFileType = folder.assetcatalog; path = Assets.xcassets; sourceTree = "<group>"; };
		15A493022912D8F600A22C72 /* Preview Assets.xcassets */ = {isa = PBXFileReference; lastKnownFileType = folder.assetcatalog; path = "Preview Assets.xcassets"; sourceTree = "<group>"; };
		15C768E82AD6F1F900CC440C /* HomeworkListView.swift */ = {isa = PBXFileReference; lastKnownFileType = sourcecode.swift; path = HomeworkListView.swift; sourceTree = "<group>"; };
		15C768EA2AD6F3E100CC440C /* Localizable.xcstrings */ = {isa = PBXFileReference; lastKnownFileType = text.json.xcstrings; path = Localizable.xcstrings; sourceTree = "<group>"; };
		15F4AF3C2B1F456C00684F4D /* Homework.swift */ = {isa = PBXFileReference; fileEncoding = 4; lastKnownFileType = sourcecode.swift; path = Homework.swift; sourceTree = "<group>"; };
		15F4AF3D2B1F456C00684F4D /* LICENSE */ = {isa = PBXFileReference; fileEncoding = 4; lastKnownFileType = text; path = LICENSE; sourceTree = "<group>"; };
		15F4AF3F2B1F456C00684F4D /* AddView.swift */ = {isa = PBXFileReference; fileEncoding = 4; lastKnownFileType = sourcecode.swift; path = AddView.swift; sourceTree = "<group>"; };
		15F4AF402B1F456C00684F4D /* StarView.swift */ = {isa = PBXFileReference; fileEncoding = 4; lastKnownFileType = sourcecode.swift; path = StarView.swift; sourceTree = "<group>"; };
/* End PBXFileReference section */

/* Begin PBXFrameworksBuildPhase section */
		153D21E82B1E55EB005B17E1 /* Frameworks */ = {
			isa = PBXFrameworksBuildPhase;
			buildActionMask = 2147483647;
			files = (
			);
			runOnlyForDeploymentPostprocessing = 0;
		};
		15A492F52912D8F500A22C72 /* Frameworks */ = {
			isa = PBXFrameworksBuildPhase;
			buildActionMask = 2147483647;
			files = (
			);
			runOnlyForDeploymentPostprocessing = 0;
		};
/* End PBXFrameworksBuildPhase section */

/* Begin PBXGroup section */
		152FF53B2AD5A37D00D9D672 /* Views */ = {
			isa = PBXGroup;
			children = (
				15C768E82AD6F1F900CC440C /* HomeworkListView.swift */,
				150159BB2AD8412B00DEA26E /* ListItemView.swift */,
			);
			path = Views;
			sourceTree = "<group>";
		};
		153D21EC2B1E55EB005B17E1 /* hausaufgaben-watch Watch App */ = {
			isa = PBXGroup;
			children = (
				157CA2812B1F9B46006C8491 /* hausaufgaben-watch Watch App.entitlements */,
				157CA27E2B1F8C48006C8491 /* Assets.xcassets */,
				153D21ED2B1E55EB005B17E1 /* hausaufgaben_watchApp.swift */,
				153D21FC2B1E564E005B17E1 /* Views */,
				153D21F32B1E55ED005B17E1 /* Preview Content */,
			);
			path = "hausaufgaben-watch Watch App";
			sourceTree = "<group>";
		};
		153D21F32B1E55ED005B17E1 /* Preview Content */ = {
			isa = PBXGroup;
			children = (
				153D21F42B1E55ED005B17E1 /* Preview Assets.xcassets */,
			);
			path = "Preview Content";
			sourceTree = "<group>";
		};
		153D21FC2B1E564E005B17E1 /* Views */ = {
			isa = PBXGroup;
			children = (
				150159B62AD8405200DEA26E /* HomeworkListView.swift */,
				150159BD2AD841BC00DEA26E /* ListItemView.swift */,
				150159BF2AD8446500DEA26E /* ItemDetailView.swift */,
			);
			path = Views;
			sourceTree = "<group>";
		};
		15A492EF2912D8F500A22C72 = {
			isa = PBXGroup;
			children = (
				156B36CE2B1F38A000D6B5D1 /*  */,
				15C768EA2AD6F3E100CC440C /* Localizable.xcstrings */,
				15F4AF3B2B1F456C00684F4D /* Shared */,
				15A492FA2912D8F500A22C72 /* hausaufgaben */,
				153D21EC2B1E55EB005B17E1 /* hausaufgaben-watch Watch App */,
				15A492F92912D8F500A22C72 /* Products */,
			);
			sourceTree = "<group>";
		};
		15A492F92912D8F500A22C72 /* Products */ = {
			isa = PBXGroup;
			children = (
				15A492F82912D8F500A22C72 /* hausaufgaben.app */,
				153D21EB2B1E55EB005B17E1 /* HappyWork.app */,
			);
			name = Products;
			sourceTree = "<group>";
		};
		15A492FA2912D8F500A22C72 /* hausaufgaben */ = {
			isa = PBXGroup;
			children = (
				157CA2802B1F9B30006C8491 /* hausaufgaben.entitlements */,
				15761F7629D6BA520073799E /* Info.plist */,
				15A492FB2912D8F500A22C72 /* hausaufgabenApp.swift */,
				152FF53B2AD5A37D00D9D672 /* Views */,
				15A492FF2912D8F600A22C72 /* Assets.xcassets */,
				15A493012912D8F600A22C72 /* Preview Content */,
			);
			path = hausaufgaben;
			sourceTree = "<group>";
		};
		15A493012912D8F600A22C72 /* Preview Content */ = {
			isa = PBXGroup;
			children = (
				15A493022912D8F600A22C72 /* Preview Assets.xcassets */,
			);
			path = "Preview Content";
			sourceTree = "<group>";
		};
		15F4AF3B2B1F456C00684F4D /* Shared */ = {
			isa = PBXGroup;
			children = (
				15F4AF3C2B1F456C00684F4D /* Homework.swift */,
				15F4AF3D2B1F456C00684F4D /* LICENSE */,
				15F4AF3E2B1F456C00684F4D /* Views */,
			);
			path = Shared;
			sourceTree = "<group>";
		};
		15F4AF3E2B1F456C00684F4D /* Views */ = {
			isa = PBXGroup;
			children = (
				153D21EF2B1E55EB005B17E1 /* ContentView.swift */,
				15F4AF3F2B1F456C00684F4D /* AddView.swift */,
				15F4AF402B1F456C00684F4D /* StarView.swift */,
			);
			path = Views;
			sourceTree = "<group>";
		};
/* End PBXGroup section */

/* Begin PBXNativeTarget section */
		153D21EA2B1E55EB005B17E1 /* hausaufgaben-watch Watch App */ = {
			isa = PBXNativeTarget;
			buildConfigurationList = 153D21FB2B1E55ED005B17E1 /* Build configuration list for PBXNativeTarget "hausaufgaben-watch Watch App" */;
			buildPhases = (
				153D21E72B1E55EB005B17E1 /* Sources */,
				153D21E82B1E55EB005B17E1 /* Frameworks */,
				153D21E92B1E55EB005B17E1 /* Resources */,
			);
			buildRules = (
			);
			dependencies = (
			);
			name = "hausaufgaben-watch Watch App";
			productName = "hausaufgaben-watch Watch App";
			productReference = 153D21EB2B1E55EB005B17E1 /* HappyWork.app */;
			productType = "com.apple.product-type.application";
		};
		15A492F72912D8F500A22C72 /* hausaufgaben */ = {
			isa = PBXNativeTarget;
			buildConfigurationList = 15A4930B2912D8F600A22C72 /* Build configuration list for PBXNativeTarget "hausaufgaben" */;
			buildPhases = (
				15A492F42912D8F500A22C72 /* Sources */,
				15A492F52912D8F500A22C72 /* Frameworks */,
				15A492F62912D8F500A22C72 /* Resources */,
				1501599A2AD83F6000DEA26E /* Embed Watch Content */,
			);
			buildRules = (
			);
			dependencies = (
				153D21F72B1E55ED005B17E1 /* PBXTargetDependency */,
			);
			name = hausaufgaben;
			productName = hausaufgaben;
			productReference = 15A492F82912D8F500A22C72 /* hausaufgaben.app */;
			productType = "com.apple.product-type.application";
		};
/* End PBXNativeTarget section */

/* Begin PBXProject section */
		15A492F02912D8F500A22C72 /* Project object */ = {
			isa = PBXProject;
			attributes = {
				BuildIndependentTargetsInParallel = 1;
				LastSwiftUpdateCheck = 1500;
				LastUpgradeCheck = 1500;
				TargetAttributes = {
					153D21EA2B1E55EB005B17E1 = {
						CreatedOnToolsVersion = 15.0.1;
					};
					15A492F72912D8F500A22C72 = {
						CreatedOnToolsVersion = 14.0.1;
					};
				};
			};
			buildConfigurationList = 15A492F32912D8F500A22C72 /* Build configuration list for PBXProject "hausaufgaben" */;
			compatibilityVersion = "Xcode 14.0";
			developmentRegion = en;
			hasScannedForEncodings = 0;
			knownRegions = (
				en,
				de,
			);
			mainGroup = 15A492EF2912D8F500A22C72;
			productRefGroup = 15A492F92912D8F500A22C72 /* Products */;
			projectDirPath = "";
			projectRoot = "";
			targets = (
				15A492F72912D8F500A22C72 /* hausaufgaben */,
				153D21EA2B1E55EB005B17E1 /* hausaufgaben-watch Watch App */,
			);
		};
/* End PBXProject section */

/* Begin PBXResourcesBuildPhase section */
		153D21E92B1E55EB005B17E1 /* Resources */ = {
			isa = PBXResourcesBuildPhase;
			buildActionMask = 2147483647;
			files = (
				153D21F52B1E55ED005B17E1 /* Preview Assets.xcassets in Resources */,
				15F4AF442B1F456C00684F4D /* LICENSE in Resources */,
				157CA27F2B1F8C48006C8491 /* Assets.xcassets in Resources */,
				151365EF2B1E5B7900CC38FD /* Localizable.xcstrings in Resources */,
			);
			runOnlyForDeploymentPostprocessing = 0;
		};
		15A492F62912D8F500A22C72 /* Resources */ = {
			isa = PBXResourcesBuildPhase;
			buildActionMask = 2147483647;
			files = (
				15C768EB2AD6F3E100CC440C /* Localizable.xcstrings in Resources */,
				15A493032912D8F600A22C72 /* Preview Assets.xcassets in Resources */,
				15F4AF432B1F456C00684F4D /* LICENSE in Resources */,
				15A493002912D8F600A22C72 /* Assets.xcassets in Resources */,
			);
			runOnlyForDeploymentPostprocessing = 0;
		};
/* End PBXResourcesBuildPhase section */

/* Begin PBXSourcesBuildPhase section */
		153D21E72B1E55EB005B17E1 /* Sources */ = {
			isa = PBXSourcesBuildPhase;
			buildActionMask = 2147483647;
			files = (
				15F4AF462B1F456C00684F4D /* AddView.swift in Sources */,
				153D21FF2B1E565B005B17E1 /* ItemDetailView.swift in Sources */,
				153D21F02B1E55EB005B17E1 /* ContentView.swift in Sources */,
				153D21EE2B1E55EB005B17E1 /* hausaufgaben_watchApp.swift in Sources */,
				153D21FD2B1E565B005B17E1 /* HomeworkListView.swift in Sources */,
				153D21FE2B1E565B005B17E1 /* ListItemView.swift in Sources */,
				15F4AF482B1F456C00684F4D /* StarView.swift in Sources */,
				15F4AF422B1F456C00684F4D /* Homework.swift in Sources */,
			);
			runOnlyForDeploymentPostprocessing = 0;
		};
		15A492F42912D8F500A22C72 /* Sources */ = {
			isa = PBXSourcesBuildPhase;
			buildActionMask = 2147483647;
			files = (
				150159BC2AD8412B00DEA26E /* ListItemView.swift in Sources */,
				15F4AF412B1F456C00684F4D /* Homework.swift in Sources */,
				15C80AFA2B1F6BD3003DA9F0 /* ContentView.swift in Sources */,
				15F4AF452B1F456C00684F4D /* AddView.swift in Sources */,
				15C768E92AD6F1F900CC440C /* HomeworkListView.swift in Sources */,
				15F4AF472B1F456C00684F4D /* StarView.swift in Sources */,
				15A492FC2912D8F500A22C72 /* hausaufgabenApp.swift in Sources */,
			);
			runOnlyForDeploymentPostprocessing = 0;
		};
/* End PBXSourcesBuildPhase section */

/* Begin PBXTargetDependency section */
		153D21F72B1E55ED005B17E1 /* PBXTargetDependency */ = {
			isa = PBXTargetDependency;
			platformFilter = ios;
			target = 153D21EA2B1E55EB005B17E1 /* hausaufgaben-watch Watch App */;
			targetProxy = 153D21F62B1E55ED005B17E1 /* PBXContainerItemProxy */;
		};
/* End PBXTargetDependency section */

/* Begin XCBuildConfiguration section */
		153D21F92B1E55ED005B17E1 /* Debug */ = {
			isa = XCBuildConfiguration;
			buildSettings = {
				ASSETCATALOG_COMPILER_APPICON_NAME = AppIcon;
				ASSETCATALOG_COMPILER_GLOBAL_ACCENT_COLOR_NAME = AccentColor;
				CODE_SIGN_ENTITLEMENTS = "hausaufgaben-watch Watch App/hausaufgaben-watch Watch App.entitlements";
				"CODE_SIGN_IDENTITY[sdk=watchos*]" = "iPhone Distribution";
				CODE_SIGN_STYLE = Manual;
				CURRENT_PROJECT_VERSION = 3;
				DEVELOPMENT_ASSET_PATHS = "\"hausaufgaben-watch Watch App/Preview Content\"";
				DEVELOPMENT_TEAM = "";
				"DEVELOPMENT_TEAM[sdk=watchos*]" = 3ZKC6VXD5Z;
				ENABLE_PREVIEWS = YES;
				GCC_C_LANGUAGE_STANDARD = gnu17;
				GENERATE_INFOPLIST_FILE = YES;
				INFOPLIST_KEY_UISupportedInterfaceOrientations = "UIInterfaceOrientationPortrait UIInterfaceOrientationPortraitUpsideDown";
				INFOPLIST_KEY_WKCompanionAppBundleIdentifier = io.github.miwarn.hausaufgaben;
				INFOPLIST_KEY_WKRunsIndependentlyOfCompanionApp = YES;
				LD_RUNPATH_SEARCH_PATHS = (
					"$(inherited)",
					"@executable_path/Frameworks",
				);
				MARKETING_VERSION = 1.3;
				PRODUCT_BUNDLE_IDENTIFIER = io.github.miwarn.hausaufgaben.watchkitapp;
				PRODUCT_NAME = HappyWork;
				PROVISIONING_PROFILE_SPECIFIER = "";
				"PROVISIONING_PROFILE_SPECIFIER[sdk=watchos*]" = HausaufgabenWatchKitApp;
				SDKROOT = watchos;
				SKIP_INSTALL = YES;
				SWIFT_ACTIVE_COMPILATION_CONDITIONS = "DEBUG $(inherited)";
				SWIFT_EMIT_LOC_STRINGS = YES;
				SWIFT_VERSION = 5.0;
				TARGETED_DEVICE_FAMILY = 4;
				WATCHOS_DEPLOYMENT_TARGET = 10.0;
			};
			name = Debug;
		};
		153D21FA2B1E55ED005B17E1 /* Release */ = {
			isa = XCBuildConfiguration;
			buildSettings = {
				ASSETCATALOG_COMPILER_APPICON_NAME = AppIcon;
				ASSETCATALOG_COMPILER_GLOBAL_ACCENT_COLOR_NAME = AccentColor;
				CODE_SIGN_ENTITLEMENTS = "hausaufgaben-watch Watch App/hausaufgaben-watch Watch App.entitlements";
				"CODE_SIGN_IDENTITY[sdk=watchos*]" = "iPhone Distribution";
				CODE_SIGN_STYLE = Manual;
				CURRENT_PROJECT_VERSION = 3;
				DEVELOPMENT_ASSET_PATHS = "\"hausaufgaben-watch Watch App/Preview Content\"";
				DEVELOPMENT_TEAM = "";
				"DEVELOPMENT_TEAM[sdk=watchos*]" = 3ZKC6VXD5Z;
				ENABLE_PREVIEWS = YES;
				GCC_C_LANGUAGE_STANDARD = gnu17;
				GENERATE_INFOPLIST_FILE = YES;
				INFOPLIST_KEY_UISupportedInterfaceOrientations = "UIInterfaceOrientationPortrait UIInterfaceOrientationPortraitUpsideDown";
				INFOPLIST_KEY_WKCompanionAppBundleIdentifier = io.github.miwarn.hausaufgaben;
				INFOPLIST_KEY_WKRunsIndependentlyOfCompanionApp = YES;
				LD_RUNPATH_SEARCH_PATHS = (
					"$(inherited)",
					"@executable_path/Frameworks",
				);
				MARKETING_VERSION = 1.3;
				PRODUCT_BUNDLE_IDENTIFIER = io.github.miwarn.hausaufgaben.watchkitapp;
				PRODUCT_NAME = HappyWork;
				PROVISIONING_PROFILE_SPECIFIER = "";
				"PROVISIONING_PROFILE_SPECIFIER[sdk=watchos*]" = HausaufgabenWatchKitApp;
				SDKROOT = watchos;
				SKIP_INSTALL = YES;
				SWIFT_EMIT_LOC_STRINGS = YES;
				SWIFT_VERSION = 5.0;
				TARGETED_DEVICE_FAMILY = 4;
				WATCHOS_DEPLOYMENT_TARGET = 10.0;
			};
			name = Release;
		};
		15A493092912D8F600A22C72 /* Debug */ = {
			isa = XCBuildConfiguration;
			buildSettings = {
				ALWAYS_SEARCH_USER_PATHS = NO;
				ASSETCATALOG_COMPILER_GENERATE_SWIFT_ASSET_SYMBOL_EXTENSIONS = YES;
				CLANG_ANALYZER_LOCALIZABILITY_NONLOCALIZED = YES;
				CLANG_ANALYZER_NONNULL = YES;
				CLANG_ANALYZER_NUMBER_OBJECT_CONVERSION = YES_AGGRESSIVE;
				CLANG_CXX_LANGUAGE_STANDARD = "gnu++20";
				CLANG_ENABLE_MODULES = YES;
				CLANG_ENABLE_OBJC_ARC = YES;
				CLANG_ENABLE_OBJC_WEAK = YES;
				CLANG_WARN_BLOCK_CAPTURE_AUTORELEASING = YES;
				CLANG_WARN_BOOL_CONVERSION = YES;
				CLANG_WARN_COMMA = YES;
				CLANG_WARN_CONSTANT_CONVERSION = YES;
				CLANG_WARN_DEPRECATED_OBJC_IMPLEMENTATIONS = YES;
				CLANG_WARN_DIRECT_OBJC_ISA_USAGE = YES_ERROR;
				CLANG_WARN_DOCUMENTATION_COMMENTS = YES;
				CLANG_WARN_EMPTY_BODY = YES;
				CLANG_WARN_ENUM_CONVERSION = YES;
				CLANG_WARN_INFINITE_RECURSION = YES;
				CLANG_WARN_INT_CONVERSION = YES;
				CLANG_WARN_NON_LITERAL_NULL_CONVERSION = YES;
				CLANG_WARN_OBJC_IMPLICIT_RETAIN_SELF = YES;
				CLANG_WARN_OBJC_LITERAL_CONVERSION = YES;
				CLANG_WARN_OBJC_ROOT_CLASS = YES_ERROR;
				CLANG_WARN_QUOTED_INCLUDE_IN_FRAMEWORK_HEADER = YES;
				CLANG_WARN_RANGE_LOOP_ANALYSIS = YES;
				CLANG_WARN_STRICT_PROTOTYPES = YES;
				CLANG_WARN_SUSPICIOUS_MOVE = YES;
				CLANG_WARN_UNGUARDED_AVAILABILITY = YES_AGGRESSIVE;
				CLANG_WARN_UNREACHABLE_CODE = YES;
				CLANG_WARN__DUPLICATE_METHOD_MATCH = YES;
				COPY_PHASE_STRIP = NO;
				DEBUG_INFORMATION_FORMAT = dwarf;
				ENABLE_STRICT_OBJC_MSGSEND = YES;
				ENABLE_TESTABILITY = YES;
				ENABLE_USER_SCRIPT_SANDBOXING = YES;
				GCC_C_LANGUAGE_STANDARD = gnu11;
				GCC_DYNAMIC_NO_PIC = NO;
				GCC_NO_COMMON_BLOCKS = YES;
				GCC_OPTIMIZATION_LEVEL = 0;
				GCC_PREPROCESSOR_DEFINITIONS = (
					"DEBUG=1",
					"$(inherited)",
				);
				GCC_WARN_64_TO_32_BIT_CONVERSION = YES;
				GCC_WARN_ABOUT_RETURN_TYPE = YES_ERROR;
				GCC_WARN_UNDECLARED_SELECTOR = YES;
				GCC_WARN_UNINITIALIZED_AUTOS = YES_AGGRESSIVE;
				GCC_WARN_UNUSED_FUNCTION = YES;
				GCC_WARN_UNUSED_VARIABLE = YES;
				IPHONEOS_DEPLOYMENT_TARGET = 17.0;
				LOCALIZATION_PREFERS_STRING_CATALOGS = YES;
				MTL_ENABLE_DEBUG_INFO = INCLUDE_SOURCE;
				MTL_FAST_MATH = YES;
				ONLY_ACTIVE_ARCH = YES;
				SDKROOT = iphoneos;
				SWIFT_ACTIVE_COMPILATION_CONDITIONS = DEBUG;
				SWIFT_EMIT_LOC_STRINGS = YES;
				SWIFT_OPTIMIZATION_LEVEL = "-Onone";
				WATCHOS_DEPLOYMENT_TARGET = 10.0;
			};
			name = Debug;
		};
		15A4930A2912D8F600A22C72 /* Release */ = {
			isa = XCBuildConfiguration;
			buildSettings = {
				ALWAYS_SEARCH_USER_PATHS = NO;
				ASSETCATALOG_COMPILER_GENERATE_SWIFT_ASSET_SYMBOL_EXTENSIONS = YES;
				CLANG_ANALYZER_LOCALIZABILITY_NONLOCALIZED = YES;
				CLANG_ANALYZER_NONNULL = YES;
				CLANG_ANALYZER_NUMBER_OBJECT_CONVERSION = YES_AGGRESSIVE;
				CLANG_CXX_LANGUAGE_STANDARD = "gnu++20";
				CLANG_ENABLE_MODULES = YES;
				CLANG_ENABLE_OBJC_ARC = YES;
				CLANG_ENABLE_OBJC_WEAK = YES;
				CLANG_WARN_BLOCK_CAPTURE_AUTORELEASING = YES;
				CLANG_WARN_BOOL_CONVERSION = YES;
				CLANG_WARN_COMMA = YES;
				CLANG_WARN_CONSTANT_CONVERSION = YES;
				CLANG_WARN_DEPRECATED_OBJC_IMPLEMENTATIONS = YES;
				CLANG_WARN_DIRECT_OBJC_ISA_USAGE = YES_ERROR;
				CLANG_WARN_DOCUMENTATION_COMMENTS = YES;
				CLANG_WARN_EMPTY_BODY = YES;
				CLANG_WARN_ENUM_CONVERSION = YES;
				CLANG_WARN_INFINITE_RECURSION = YES;
				CLANG_WARN_INT_CONVERSION = YES;
				CLANG_WARN_NON_LITERAL_NULL_CONVERSION = YES;
				CLANG_WARN_OBJC_IMPLICIT_RETAIN_SELF = YES;
				CLANG_WARN_OBJC_LITERAL_CONVERSION = YES;
				CLANG_WARN_OBJC_ROOT_CLASS = YES_ERROR;
				CLANG_WARN_QUOTED_INCLUDE_IN_FRAMEWORK_HEADER = YES;
				CLANG_WARN_RANGE_LOOP_ANALYSIS = YES;
				CLANG_WARN_STRICT_PROTOTYPES = YES;
				CLANG_WARN_SUSPICIOUS_MOVE = YES;
				CLANG_WARN_UNGUARDED_AVAILABILITY = YES_AGGRESSIVE;
				CLANG_WARN_UNREACHABLE_CODE = YES;
				CLANG_WARN__DUPLICATE_METHOD_MATCH = YES;
				COPY_PHASE_STRIP = NO;
				DEBUG_INFORMATION_FORMAT = "dwarf-with-dsym";
				ENABLE_NS_ASSERTIONS = NO;
				ENABLE_STRICT_OBJC_MSGSEND = YES;
				ENABLE_USER_SCRIPT_SANDBOXING = YES;
				GCC_C_LANGUAGE_STANDARD = gnu11;
				GCC_NO_COMMON_BLOCKS = YES;
				GCC_WARN_64_TO_32_BIT_CONVERSION = YES;
				GCC_WARN_ABOUT_RETURN_TYPE = YES_ERROR;
				GCC_WARN_UNDECLARED_SELECTOR = YES;
				GCC_WARN_UNINITIALIZED_AUTOS = YES_AGGRESSIVE;
				GCC_WARN_UNUSED_FUNCTION = YES;
				GCC_WARN_UNUSED_VARIABLE = YES;
				IPHONEOS_DEPLOYMENT_TARGET = 17.0;
				LOCALIZATION_PREFERS_STRING_CATALOGS = YES;
				MTL_ENABLE_DEBUG_INFO = NO;
				MTL_FAST_MATH = YES;
				SDKROOT = iphoneos;
				SWIFT_COMPILATION_MODE = wholemodule;
				SWIFT_EMIT_LOC_STRINGS = YES;
				SWIFT_OPTIMIZATION_LEVEL = "-O";
				VALIDATE_PRODUCT = YES;
				WATCHOS_DEPLOYMENT_TARGET = 10.0;
			};
			name = Release;
		};
		15A4930C2912D8F600A22C72 /* Debug */ = {
			isa = XCBuildConfiguration;
			buildSettings = {
				ALWAYS_EMBED_SWIFT_STANDARD_LIBRARIES = YES;
				ASSETCATALOG_COMPILER_APPICON_NAME = AppIcon;
				ASSETCATALOG_COMPILER_GLOBAL_ACCENT_COLOR_NAME = AccentColor;
				CODE_SIGN_ENTITLEMENTS = hausaufgaben/hausaufgaben.entitlements;
				"CODE_SIGN_IDENTITY[sdk=iphoneos*]" = "iPhone Distribution";
				"CODE_SIGN_IDENTITY[sdk=macosx*]" = "3rd Party Mac Developer Application";
				CODE_SIGN_STYLE = Manual;
				CURRENT_PROJECT_VERSION = 11;
				DEVELOPMENT_ASSET_PATHS = "\"hausaufgaben/Preview Content\"";
				DEVELOPMENT_TEAM = "";
				"DEVELOPMENT_TEAM[sdk=iphoneos*]" = 3ZKC6VXD5Z;
				"DEVELOPMENT_TEAM[sdk=macosx*]" = 3ZKC6VXD5Z;
				ENABLE_PREVIEWS = YES;
				GENERATE_INFOPLIST_FILE = YES;
				INFOPLIST_FILE = hausaufgaben/Info.plist;
				INFOPLIST_KEY_CFBundleDisplayName = HappyWork;
				INFOPLIST_KEY_LSApplicationCategoryType = "public.app-category.education";
				INFOPLIST_KEY_UIApplicationSceneManifest_Generation = YES;
				INFOPLIST_KEY_UIApplicationSupportsIndirectInputEvents = YES;
				INFOPLIST_KEY_UILaunchScreen_Generation = YES;
				INFOPLIST_KEY_UIRequiresFullScreen = NO;
				INFOPLIST_KEY_UISupportedInterfaceOrientations = "UIInterfaceOrientationPortrait UIInterfaceOrientationPortraitUpsideDown";
				INFOPLIST_KEY_UISupportedInterfaceOrientations_iPad = "UIInterfaceOrientationLandscapeLeft UIInterfaceOrientationLandscapeRight UIInterfaceOrientationPortrait UIInterfaceOrientationPortraitUpsideDown";
				IPHONEOS_DEPLOYMENT_TARGET = 17.0;
				LD_RUNPATH_SEARCH_PATHS = (
					"$(inherited)",
					"@executable_path/Frameworks",
				);
				MARKETING_VERSION = 1.3;
				PRODUCT_BUNDLE_IDENTIFIER = io.github.miwarn.hausaufgaben;
				PRODUCT_NAME = "$(TARGET_NAME)";
				PROVISIONING_PROFILE_SPECIFIER = "";
				"PROVISIONING_PROFILE_SPECIFIER[sdk=iphoneos*]" = HausaufgabenApp;
				"PROVISIONING_PROFILE_SPECIFIER[sdk=macosx*]" = HausaufgabenMac;
				SUPPORTED_PLATFORMS = "iphoneos iphonesimulator macosx";
				SUPPORTS_MACCATALYST = NO;
				SUPPORTS_MAC_DESIGNED_FOR_IPHONE_IPAD = NO;
				SUPPORTS_XR_DESIGNED_FOR_IPHONE_IPAD = NO;
				SWIFT_EMIT_LOC_STRINGS = YES;
				SWIFT_VERSION = 5.0;
				TARGETED_DEVICE_FAMILY = "1,2";
			};
			name = Debug;
		};
		15A4930D2912D8F600A22C72 /* Release */ = {
			isa = XCBuildConfiguration;
			buildSettings = {
				ALWAYS_EMBED_SWIFT_STANDARD_LIBRARIES = YES;
				ASSETCATALOG_COMPILER_APPICON_NAME = AppIcon;
				ASSETCATALOG_COMPILER_GLOBAL_ACCENT_COLOR_NAME = AccentColor;
				CODE_SIGN_ENTITLEMENTS = hausaufgaben/hausaufgaben.entitlements;
				"CODE_SIGN_IDENTITY[sdk=iphoneos*]" = "iPhone Distribution";
				"CODE_SIGN_IDENTITY[sdk=macosx*]" = "3rd Party Mac Developer Application";
				CODE_SIGN_STYLE = Manual;
				CURRENT_PROJECT_VERSION = 11;
				DEVELOPMENT_ASSET_PATHS = "\"hausaufgaben/Preview Content\"";
				DEVELOPMENT_TEAM = "";
				"DEVELOPMENT_TEAM[sdk=iphoneos*]" = 3ZKC6VXD5Z;
				"DEVELOPMENT_TEAM[sdk=macosx*]" = 3ZKC6VXD5Z;
				ENABLE_PREVIEWS = YES;
				GENERATE_INFOPLIST_FILE = YES;
				INFOPLIST_FILE = hausaufgaben/Info.plist;
				INFOPLIST_KEY_CFBundleDisplayName = HappyWork;
				INFOPLIST_KEY_LSApplicationCategoryType = "public.app-category.education";
				INFOPLIST_KEY_UIApplicationSceneManifest_Generation = YES;
				INFOPLIST_KEY_UIApplicationSupportsIndirectInputEvents = YES;
				INFOPLIST_KEY_UILaunchScreen_Generation = YES;
				INFOPLIST_KEY_UIRequiresFullScreen = NO;
				INFOPLIST_KEY_UISupportedInterfaceOrientations = "UIInterfaceOrientationPortrait UIInterfaceOrientationPortraitUpsideDown";
				INFOPLIST_KEY_UISupportedInterfaceOrientations_iPad = "UIInterfaceOrientationLandscapeLeft UIInterfaceOrientationLandscapeRight UIInterfaceOrientationPortrait UIInterfaceOrientationPortraitUpsideDown";
				IPHONEOS_DEPLOYMENT_TARGET = 17.0;
				LD_RUNPATH_SEARCH_PATHS = (
					"$(inherited)",
					"@executable_path/Frameworks",
				);
				MARKETING_VERSION = 1.3;
				PRODUCT_BUNDLE_IDENTIFIER = io.github.miwarn.hausaufgaben;
				PRODUCT_NAME = "$(TARGET_NAME)";
				PROVISIONING_PROFILE_SPECIFIER = "";
				"PROVISIONING_PROFILE_SPECIFIER[sdk=iphoneos*]" = HausaufgabenApp;
				"PROVISIONING_PROFILE_SPECIFIER[sdk=macosx*]" = HausaufgabenMac;
				SUPPORTED_PLATFORMS = "iphoneos iphonesimulator macosx";
				SUPPORTS_MACCATALYST = NO;
				SUPPORTS_MAC_DESIGNED_FOR_IPHONE_IPAD = NO;
				SWIFT_EMIT_LOC_STRINGS = YES;
				SWIFT_VERSION = 5.0;
				TARGETED_DEVICE_FAMILY = "1,2";
			};
			name = Release;
		};
/* End XCBuildConfiguration section */

/* Begin XCConfigurationList section */
		153D21FB2B1E55ED005B17E1 /* Build configuration list for PBXNativeTarget "hausaufgaben-watch Watch App" */ = {
			isa = XCConfigurationList;
			buildConfigurations = (
				153D21F92B1E55ED005B17E1 /* Debug */,
				153D21FA2B1E55ED005B17E1 /* Release */,
			);
			defaultConfigurationIsVisible = 0;
			defaultConfigurationName = Release;
		};
		15A492F32912D8F500A22C72 /* Build configuration list for PBXProject "hausaufgaben" */ = {
			isa = XCConfigurationList;
			buildConfigurations = (
				15A493092912D8F600A22C72 /* Debug */,
				15A4930A2912D8F600A22C72 /* Release */,
			);
			defaultConfigurationIsVisible = 0;
			defaultConfigurationName = Release;
		};
		15A4930B2912D8F600A22C72 /* Build configuration list for PBXNativeTarget "hausaufgaben" */ = {
			isa = XCConfigurationList;
			buildConfigurations = (
				15A4930C2912D8F600A22C72 /* Debug */,
				15A4930D2912D8F600A22C72 /* Release */,
			);
			defaultConfigurationIsVisible = 0;
			defaultConfigurationName = Release;
		};
/* End XCConfigurationList section */
	};
	rootObject = 15A492F02912D8F500A22C72 /* Project object */;
}
