// !$*UTF8*$!
{
	archiveVersion = 1;
	classes = {
	};
	objectVersion = 56;
	objects = {

/* Begin PBXBuildFile section */
		150159A52AD83F8C00DEA26E /* hausaufgabenApp.swift in Sources */ = {isa = PBXBuildFile; fileRef = 150159A42AD83F8C00DEA26E /* hausaufgabenApp.swift */; };
		150159A72AD83F8C00DEA26E /* ContentView.swift in Sources */ = {isa = PBXBuildFile; fileRef = 150159A62AD83F8C00DEA26E /* ContentView.swift */; };
		150159A92AD83F8D00DEA26E /* Assets.xcassets in Resources */ = {isa = PBXBuildFile; fileRef = 150159A82AD83F8D00DEA26E /* Assets.xcassets */; };
		150159AC2AD83F8D00DEA26E /* Preview Assets.xcassets in Resources */ = {isa = PBXBuildFile; fileRef = 150159AB2AD83F8D00DEA26E /* Preview Assets.xcassets */; };
		150159B02AD83FEF00DEA26E /* Localizable.xcstrings in Resources */ = {isa = PBXBuildFile; fileRef = 15C768EA2AD6F3E100CC440C /* Localizable.xcstrings */; };
		150159B52AD8402D00DEA26E /* StarView.swift in Sources */ = {isa = PBXBuildFile; fileRef = 15E2D5F82AAC4BB100469533 /* StarView.swift */; };
		150159B72AD8405200DEA26E /* HomeworkListView.swift in Sources */ = {isa = PBXBuildFile; fileRef = 150159B62AD8405200DEA26E /* HomeworkListView.swift */; };
		150159BA2AD840E100DEA26E /* Homework.swift in Sources */ = {isa = PBXBuildFile; fileRef = 15C768E62AD5AB5800CC440C /* Homework.swift */; };
		150159BC2AD8412B00DEA26E /* ListItemView.swift in Sources */ = {isa = PBXBuildFile; fileRef = 150159BB2AD8412B00DEA26E /* ListItemView.swift */; };
		150159BE2AD841BC00DEA26E /* ListItemView.swift in Sources */ = {isa = PBXBuildFile; fileRef = 150159BD2AD841BC00DEA26E /* ListItemView.swift */; };
		150159C02AD8446500DEA26E /* ItemDetailView.swift in Sources */ = {isa = PBXBuildFile; fileRef = 150159BF2AD8446500DEA26E /* ItemDetailView.swift */; };
		150159C22AD84E6F00DEA26E /* AddView.swift in Sources */ = {isa = PBXBuildFile; fileRef = 150159C12AD84E6F00DEA26E /* AddView.swift */; };
		15230D5129CB7515006A568E /* LICENSE.md in Resources */ = {isa = PBXBuildFile; fileRef = 15230D4129CB7513006A568E /* LICENSE.md */; };
		15230D5229CB7515006A568E /* addView.png in Resources */ = {isa = PBXBuildFile; fileRef = 15230D4329CB7513006A568E /* addView.png */; };
		15230D5329CB7515006A568E /* listView.pxd in Resources */ = {isa = PBXBuildFile; fileRef = 15230D4429CB7513006A568E /* listView.pxd */; };
		15230D5429CB7515006A568E /* happen___hausaufgaben-1200x628.png in Resources */ = {isa = PBXBuildFile; fileRef = 15230D4529CB7513006A568E /* happen___hausaufgaben-1200x628.png */; };
		15230D5529CB7515006A568E /* social-preview.png in Resources */ = {isa = PBXBuildFile; fileRef = 15230D4629CB7513006A568E /* social-preview.png */; };
		15230D5629CB7515006A568E /* happen___hausaufgaben-1280x720.png in Resources */ = {isa = PBXBuildFile; fileRef = 15230D4729CB7513006A568E /* happen___hausaufgaben-1280x720.png */; };
		15230D5729CB7515006A568E /* social-preview.pxd in Resources */ = {isa = PBXBuildFile; fileRef = 15230D4829CB7513006A568E /* social-preview.pxd */; };
		15230D5829CB7515006A568E /* happen___hausaufgaben-1280x720 2.png in Resources */ = {isa = PBXBuildFile; fileRef = 15230D4929CB7513006A568E /* happen___hausaufgaben-1280x720 2.png */; };
		15230D5929CB7515006A568E /* Download_on_the_App_Store_Badge_US-UK_RGB_blk_092917.svg in Resources */ = {isa = PBXBuildFile; fileRef = 15230D4A29CB7513006A568E /* Download_on_the_App_Store_Badge_US-UK_RGB_blk_092917.svg */; };
		15230D5A29CB7515006A568E /* addView.pxd in Resources */ = {isa = PBXBuildFile; fileRef = 15230D4B29CB7513006A568E /* addView.pxd */; };
		15230D5B29CB7515006A568E /* listView.png in Resources */ = {isa = PBXBuildFile; fileRef = 15230D4C29CB7513006A568E /* listView.png */; };
		15230D5C29CB7515006A568E /* PRIVACY.md in Resources */ = {isa = PBXBuildFile; fileRef = 15230D4D29CB7513006A568E /* PRIVACY.md */; };
		15230D5D29CB7515006A568E /* CONTRIBUTING.md in Resources */ = {isa = PBXBuildFile; fileRef = 15230D4E29CB7514006A568E /* CONTRIBUTING.md */; };
		15230D5E29CB7515006A568E /* README.md in Resources */ = {isa = PBXBuildFile; fileRef = 15230D4F29CB7514006A568E /* README.md */; };
		15230D5F29CB7515006A568E /* SECURITY.md in Resources */ = {isa = PBXBuildFile; fileRef = 15230D5029CB7514006A568E /* SECURITY.md */; };
		15230D6129CB76C8006A568E /* .gitignore in Resources */ = {isa = PBXBuildFile; fileRef = 15230D6029CB76C8006A568E /* .gitignore */; };
		15653BE92ADA750800216640 /* AddView.swift in Sources */ = {isa = PBXBuildFile; fileRef = 150159C12AD84E6F00DEA26E /* AddView.swift */; };
		15A492FC2912D8F500A22C72 /* hausaufgabenApp.swift in Sources */ = {isa = PBXBuildFile; fileRef = 15A492FB2912D8F500A22C72 /* hausaufgabenApp.swift */; };
		15A492FE2912D8F500A22C72 /* ContentView.swift in Sources */ = {isa = PBXBuildFile; fileRef = 15A492FD2912D8F500A22C72 /* ContentView.swift */; };
		15A493002912D8F600A22C72 /* Assets.xcassets in Resources */ = {isa = PBXBuildFile; fileRef = 15A492FF2912D8F600A22C72 /* Assets.xcassets */; };
		15A493032912D8F600A22C72 /* Preview Assets.xcassets in Resources */ = {isa = PBXBuildFile; fileRef = 15A493022912D8F600A22C72 /* Preview Assets.xcassets */; };
		15C768E72AD5AB5900CC440C /* Homework.swift in Sources */ = {isa = PBXBuildFile; fileRef = 15C768E62AD5AB5800CC440C /* Homework.swift */; };
		15C768E92AD6F1F900CC440C /* HomeworkListView.swift in Sources */ = {isa = PBXBuildFile; fileRef = 15C768E82AD6F1F900CC440C /* HomeworkListView.swift */; };
		15C768EB2AD6F3E100CC440C /* Localizable.xcstrings in Resources */ = {isa = PBXBuildFile; fileRef = 15C768EA2AD6F3E100CC440C /* Localizable.xcstrings */; };
		15E2D5F92AAC4BB100469533 /* StarView.swift in Sources */ = {isa = PBXBuildFile; fileRef = 15E2D5F82AAC4BB100469533 /* StarView.swift */; };
/* End PBXBuildFile section */

/* Begin PBXCopyFilesBuildPhase section */
		1501599A2AD83F6000DEA26E /* Embed Watch Content */ = {
			isa = PBXCopyFilesBuildPhase;
			buildActionMask = 2147483647;
			dstPath = "$(CONTENTS_FOLDER_PATH)/Watch";
			dstSubfolderSpec = 16;
			files = (
			);
			name = "Embed Watch Content";
			runOnlyForDeploymentPostprocessing = 0;
		};
/* End PBXCopyFilesBuildPhase section */

/* Begin PBXFileReference section */
		150159A22AD83F8C00DEA26E /* HappyWork.app */ = {isa = PBXFileReference; explicitFileType = wrapper.application; includeInIndex = 0; path = HappyWork.app; sourceTree = BUILT_PRODUCTS_DIR; };
		150159A42AD83F8C00DEA26E /* hausaufgabenApp.swift */ = {isa = PBXFileReference; lastKnownFileType = sourcecode.swift; path = hausaufgabenApp.swift; sourceTree = "<group>"; };
		150159A62AD83F8C00DEA26E /* ContentView.swift */ = {isa = PBXFileReference; lastKnownFileType = sourcecode.swift; path = ContentView.swift; sourceTree = "<group>"; };
		150159A82AD83F8D00DEA26E /* Assets.xcassets */ = {isa = PBXFileReference; lastKnownFileType = folder.assetcatalog; path = Assets.xcassets; sourceTree = "<group>"; };
		150159AB2AD83F8D00DEA26E /* Preview Assets.xcassets */ = {isa = PBXFileReference; lastKnownFileType = folder.assetcatalog; path = "Preview Assets.xcassets"; sourceTree = "<group>"; };
		150159B62AD8405200DEA26E /* HomeworkListView.swift */ = {isa = PBXFileReference; lastKnownFileType = sourcecode.swift; path = HomeworkListView.swift; sourceTree = "<group>"; };
		150159BB2AD8412B00DEA26E /* ListItemView.swift */ = {isa = PBXFileReference; lastKnownFileType = sourcecode.swift; path = ListItemView.swift; sourceTree = "<group>"; };
		150159BD2AD841BC00DEA26E /* ListItemView.swift */ = {isa = PBXFileReference; lastKnownFileType = sourcecode.swift; path = ListItemView.swift; sourceTree = "<group>"; };
		150159BF2AD8446500DEA26E /* ItemDetailView.swift */ = {isa = PBXFileReference; lastKnownFileType = sourcecode.swift; path = ItemDetailView.swift; sourceTree = "<group>"; };
		150159C12AD84E6F00DEA26E /* AddView.swift */ = {isa = PBXFileReference; lastKnownFileType = sourcecode.swift; path = AddView.swift; sourceTree = "<group>"; };
		15230D4129CB7513006A568E /* LICENSE.md */ = {isa = PBXFileReference; fileEncoding = 4; lastKnownFileType = net.daringfireball.markdown; path = LICENSE.md; sourceTree = "<group>"; };
		15230D4329CB7513006A568E /* addView.png */ = {isa = PBXFileReference; lastKnownFileType = image.png; path = addView.png; sourceTree = "<group>"; };
		15230D4429CB7513006A568E /* listView.pxd */ = {isa = PBXFileReference; lastKnownFileType = file; path = listView.pxd; sourceTree = "<group>"; };
		15230D4529CB7513006A568E /* happen___hausaufgaben-1200x628.png */ = {isa = PBXFileReference; lastKnownFileType = image.png; path = "happen___hausaufgaben-1200x628.png"; sourceTree = "<group>"; };
		15230D4629CB7513006A568E /* social-preview.png */ = {isa = PBXFileReference; lastKnownFileType = image.png; path = "social-preview.png"; sourceTree = "<group>"; };
		15230D4729CB7513006A568E /* happen___hausaufgaben-1280x720.png */ = {isa = PBXFileReference; lastKnownFileType = image.png; path = "happen___hausaufgaben-1280x720.png"; sourceTree = "<group>"; };
		15230D4829CB7513006A568E /* social-preview.pxd */ = {isa = PBXFileReference; lastKnownFileType = file; path = "social-preview.pxd"; sourceTree = "<group>"; };
		15230D4929CB7513006A568E /* happen___hausaufgaben-1280x720 2.png */ = {isa = PBXFileReference; lastKnownFileType = image.png; path = "happen___hausaufgaben-1280x720 2.png"; sourceTree = "<group>"; };
		15230D4A29CB7513006A568E /* Download_on_the_App_Store_Badge_US-UK_RGB_blk_092917.svg */ = {isa = PBXFileReference; fileEncoding = 4; lastKnownFileType = text; path = "Download_on_the_App_Store_Badge_US-UK_RGB_blk_092917.svg"; sourceTree = "<group>"; };
		15230D4B29CB7513006A568E /* addView.pxd */ = {isa = PBXFileReference; lastKnownFileType = file; path = addView.pxd; sourceTree = "<group>"; };
		15230D4C29CB7513006A568E /* listView.png */ = {isa = PBXFileReference; lastKnownFileType = image.png; path = listView.png; sourceTree = "<group>"; };
		15230D4D29CB7513006A568E /* PRIVACY.md */ = {isa = PBXFileReference; fileEncoding = 4; lastKnownFileType = net.daringfireball.markdown; path = PRIVACY.md; sourceTree = "<group>"; };
		15230D4E29CB7514006A568E /* CONTRIBUTING.md */ = {isa = PBXFileReference; fileEncoding = 4; lastKnownFileType = net.daringfireball.markdown; path = CONTRIBUTING.md; sourceTree = "<group>"; };
		15230D4F29CB7514006A568E /* README.md */ = {isa = PBXFileReference; fileEncoding = 4; lastKnownFileType = net.daringfireball.markdown; path = README.md; sourceTree = "<group>"; };
		15230D5029CB7514006A568E /* SECURITY.md */ = {isa = PBXFileReference; fileEncoding = 4; lastKnownFileType = net.daringfireball.markdown; path = SECURITY.md; sourceTree = "<group>"; };
		15230D6029CB76C8006A568E /* .gitignore */ = {isa = PBXFileReference; fileEncoding = 4; lastKnownFileType = text; path = .gitignore; sourceTree = "<group>"; };
		15761F7629D6BA520073799E /* Info.plist */ = {isa = PBXFileReference; lastKnownFileType = text.plist; path = Info.plist; sourceTree = "<group>"; };
		15A492F82912D8F500A22C72 /* hausaufgaben.app */ = {isa = PBXFileReference; explicitFileType = wrapper.application; includeInIndex = 0; path = hausaufgaben.app; sourceTree = BUILT_PRODUCTS_DIR; };
		15A492FB2912D8F500A22C72 /* hausaufgabenApp.swift */ = {isa = PBXFileReference; lastKnownFileType = sourcecode.swift; path = hausaufgabenApp.swift; sourceTree = "<group>"; };
		15A492FD2912D8F500A22C72 /* ContentView.swift */ = {isa = PBXFileReference; lastKnownFileType = sourcecode.swift; path = ContentView.swift; sourceTree = "<group>"; };
		15A492FF2912D8F600A22C72 /* Assets.xcassets */ = {isa = PBXFileReference; lastKnownFileType = folder.assetcatalog; path = Assets.xcassets; sourceTree = "<group>"; };
		15A493022912D8F600A22C72 /* Preview Assets.xcassets */ = {isa = PBXFileReference; lastKnownFileType = folder.assetcatalog; path = "Preview Assets.xcassets"; sourceTree = "<group>"; };
		15C768E62AD5AB5800CC440C /* Homework.swift */ = {isa = PBXFileReference; fileEncoding = 4; lastKnownFileType = sourcecode.swift; path = Homework.swift; sourceTree = "<group>"; };
		15C768E82AD6F1F900CC440C /* HomeworkListView.swift */ = {isa = PBXFileReference; lastKnownFileType = sourcecode.swift; path = HomeworkListView.swift; sourceTree = "<group>"; };
		15C768EA2AD6F3E100CC440C /* Localizable.xcstrings */ = {isa = PBXFileReference; lastKnownFileType = text.json.xcstrings; path = Localizable.xcstrings; sourceTree = "<group>"; };
		15E2D5F82AAC4BB100469533 /* StarView.swift */ = {isa = PBXFileReference; lastKnownFileType = sourcecode.swift; path = StarView.swift; sourceTree = "<group>"; };
/* End PBXFileReference section */

/* Begin PBXFrameworksBuildPhase section */
		1501599F2AD83F8C00DEA26E /* Frameworks */ = {
			isa = PBXFrameworksBuildPhase;
			buildActionMask = 2147483647;
			files = (
			);
			runOnlyForDeploymentPostprocessing = 0;
		};
		15A492F52912D8F500A22C72 /* Frameworks */ = {
			isa = PBXFrameworksBuildPhase;
			buildActionMask = 2147483647;
			files = (
			);
			runOnlyForDeploymentPostprocessing = 0;
		};
/* End PBXFrameworksBuildPhase section */

/* Begin PBXGroup section */
		150159A32AD83F8C00DEA26E /* hausaufgaben Watch App */ = {
			isa = PBXGroup;
			children = (
				150159A42AD83F8C00DEA26E /* hausaufgabenApp.swift */,
				150159B82AD8405A00DEA26E /* Views */,
				150159A82AD83F8D00DEA26E /* Assets.xcassets */,
				150159AA2AD83F8D00DEA26E /* Preview Content */,
			);
			path = "hausaufgaben Watch App";
			sourceTree = "<group>";
		};
		150159AA2AD83F8D00DEA26E /* Preview Content */ = {
			isa = PBXGroup;
			children = (
				150159AB2AD83F8D00DEA26E /* Preview Assets.xcassets */,
			);
			path = "Preview Content";
			sourceTree = "<group>";
		};
		150159B42AD8401A00DEA26E /* Shared */ = {
			isa = PBXGroup;
			children = (
				15C768E62AD5AB5800CC440C /* Homework.swift */,
				150159B92AD840CD00DEA26E /* Views */,
			);
			path = Shared;
			sourceTree = "<group>";
		};
		150159B82AD8405A00DEA26E /* Views */ = {
			isa = PBXGroup;
			children = (
				150159A62AD83F8C00DEA26E /* ContentView.swift */,
				150159B62AD8405200DEA26E /* HomeworkListView.swift */,
				150159BD2AD841BC00DEA26E /* ListItemView.swift */,
				150159BF2AD8446500DEA26E /* ItemDetailView.swift */,
			);
			path = Views;
			sourceTree = "<group>";
		};
		150159B92AD840CD00DEA26E /* Views */ = {
			isa = PBXGroup;
			children = (
				150159C12AD84E6F00DEA26E /* AddView.swift */,
				15E2D5F82AAC4BB100469533 /* StarView.swift */,
			);
			path = Views;
			sourceTree = "<group>";
		};
		15230D4029CB74E9006A568E /* GitHub */ = {
			isa = PBXGroup;
			children = (
				15230D6029CB76C8006A568E /* .gitignore */,
				15230D4E29CB7514006A568E /* CONTRIBUTING.md */,
				15230D4129CB7513006A568E /* LICENSE.md */,
				15230D4D29CB7513006A568E /* PRIVACY.md */,
				15230D4229CB7513006A568E /* promo */,
				15230D4F29CB7514006A568E /* README.md */,
				15230D5029CB7514006A568E /* SECURITY.md */,
			);
			name = GitHub;
			sourceTree = "<group>";
		};
		15230D4229CB7513006A568E /* promo */ = {
			isa = PBXGroup;
			children = (
				15230D4329CB7513006A568E /* addView.png */,
				15230D4429CB7513006A568E /* listView.pxd */,
				15230D4529CB7513006A568E /* happen___hausaufgaben-1200x628.png */,
				15230D4629CB7513006A568E /* social-preview.png */,
				15230D4729CB7513006A568E /* happen___hausaufgaben-1280x720.png */,
				15230D4829CB7513006A568E /* social-preview.pxd */,
				15230D4929CB7513006A568E /* happen___hausaufgaben-1280x720 2.png */,
				15230D4A29CB7513006A568E /* Download_on_the_App_Store_Badge_US-UK_RGB_blk_092917.svg */,
				15230D4B29CB7513006A568E /* addView.pxd */,
				15230D4C29CB7513006A568E /* listView.png */,
			);
			path = promo;
			sourceTree = "<group>";
		};
		152FF53B2AD5A37D00D9D672 /* Views */ = {
			isa = PBXGroup;
			children = (
				15A492FD2912D8F500A22C72 /* ContentView.swift */,
				15C768E82AD6F1F900CC440C /* HomeworkListView.swift */,
				150159BB2AD8412B00DEA26E /* ListItemView.swift */,
			);
			path = Views;
			sourceTree = "<group>";
		};
		15A492EF2912D8F500A22C72 = {
			isa = PBXGroup;
			children = (
				15C768EA2AD6F3E100CC440C /* Localizable.xcstrings */,
				150159B42AD8401A00DEA26E /* Shared */,
				15230D4029CB74E9006A568E /* GitHub */,
				15A492FA2912D8F500A22C72 /* hausaufgaben */,
				150159A32AD83F8C00DEA26E /* hausaufgaben Watch App */,
				15A492F92912D8F500A22C72 /* Products */,
			);
			sourceTree = "<group>";
		};
		15A492F92912D8F500A22C72 /* Products */ = {
			isa = PBXGroup;
			children = (
				15A492F82912D8F500A22C72 /* hausaufgaben.app */,
				150159A22AD83F8C00DEA26E /* HappyWork.app */,
			);
			name = Products;
			sourceTree = "<group>";
		};
		15A492FA2912D8F500A22C72 /* hausaufgaben */ = {
			isa = PBXGroup;
			children = (
				15761F7629D6BA520073799E /* Info.plist */,
				15A492FB2912D8F500A22C72 /* hausaufgabenApp.swift */,
				152FF53B2AD5A37D00D9D672 /* Views */,
				15A492FF2912D8F600A22C72 /* Assets.xcassets */,
				15A493012912D8F600A22C72 /* Preview Content */,
			);
			path = hausaufgaben;
			sourceTree = "<group>";
		};
		15A493012912D8F600A22C72 /* Preview Content */ = {
			isa = PBXGroup;
			children = (
				15A493022912D8F600A22C72 /* Preview Assets.xcassets */,
			);
			path = "Preview Content";
			sourceTree = "<group>";
		};
/* End PBXGroup section */

/* Begin PBXNativeTarget section */
		150159A12AD83F8C00DEA26E /* hausaufgaben Watch App */ = {
			isa = PBXNativeTarget;
			buildConfigurationList = 150159AD2AD83F8D00DEA26E /* Build configuration list for PBXNativeTarget "hausaufgaben Watch App" */;
			buildPhases = (
				1501599E2AD83F8C00DEA26E /* Sources */,
				1501599F2AD83F8C00DEA26E /* Frameworks */,
				150159A02AD83F8C00DEA26E /* Resources */,
			);
			buildRules = (
			);
			dependencies = (
			);
			name = "hausaufgaben Watch App";
			productName = "hausaufgaben Watch App";
			productReference = 150159A22AD83F8C00DEA26E /* HappyWork.app */;
			productType = "com.apple.product-type.application";
		};
		15A492F72912D8F500A22C72 /* hausaufgaben */ = {
			isa = PBXNativeTarget;
			buildConfigurationList = 15A4930B2912D8F600A22C72 /* Build configuration list for PBXNativeTarget "hausaufgaben" */;
			buildPhases = (
				15A492F42912D8F500A22C72 /* Sources */,
				15A492F52912D8F500A22C72 /* Frameworks */,
				15A492F62912D8F500A22C72 /* Resources */,
				1501599A2AD83F6000DEA26E /* Embed Watch Content */,
			);
			buildRules = (
			);
			dependencies = (
			);
			name = hausaufgaben;
			productName = hausaufgaben;
			productReference = 15A492F82912D8F500A22C72 /* hausaufgaben.app */;
			productType = "com.apple.product-type.application";
		};
/* End PBXNativeTarget section */

/* Begin PBXProject section */
		15A492F02912D8F500A22C72 /* Project object */ = {
			isa = PBXProject;
			attributes = {
				BuildIndependentTargetsInParallel = 1;
				LastSwiftUpdateCheck = 1500;
				LastUpgradeCheck = 1500;
				TargetAttributes = {
					150159A12AD83F8C00DEA26E = {
						CreatedOnToolsVersion = 15.0;
					};
					15A492F72912D8F500A22C72 = {
						CreatedOnToolsVersion = 14.0.1;
					};
				};
			};
			buildConfigurationList = 15A492F32912D8F500A22C72 /* Build configuration list for PBXProject "hausaufgaben" */;
			compatibilityVersion = "Xcode 14.0";
			developmentRegion = en;
			hasScannedForEncodings = 0;
			knownRegions = (
				en,
				Base,
				de,
			);
			mainGroup = 15A492EF2912D8F500A22C72;
			productRefGroup = 15A492F92912D8F500A22C72 /* Products */;
			projectDirPath = "";
			projectRoot = "";
			targets = (
				15A492F72912D8F500A22C72 /* hausaufgaben */,
				150159A12AD83F8C00DEA26E /* hausaufgaben Watch App */,
			);
		};
/* End PBXProject section */

/* Begin PBXResourcesBuildPhase section */
		150159A02AD83F8C00DEA26E /* Resources */ = {
			isa = PBXResourcesBuildPhase;
			buildActionMask = 2147483647;
			files = (
				150159AC2AD83F8D00DEA26E /* Preview Assets.xcassets in Resources */,
				150159A92AD83F8D00DEA26E /* Assets.xcassets in Resources */,
				150159B02AD83FEF00DEA26E /* Localizable.xcstrings in Resources */,
			);
			runOnlyForDeploymentPostprocessing = 0;
		};
		15A492F62912D8F500A22C72 /* Resources */ = {
			isa = PBXResourcesBuildPhase;
			buildActionMask = 2147483647;
			files = (
				15230D6129CB76C8006A568E /* .gitignore in Resources */,
				15230D5429CB7515006A568E /* happen___hausaufgaben-1200x628.png in Resources */,
				15230D5829CB7515006A568E /* happen___hausaufgaben-1280x720 2.png in Resources */,
				15230D5129CB7515006A568E /* LICENSE.md in Resources */,
				15230D5929CB7515006A568E /* Download_on_the_App_Store_Badge_US-UK_RGB_blk_092917.svg in Resources */,
				15C768EB2AD6F3E100CC440C /* Localizable.xcstrings in Resources */,
				15230D5529CB7515006A568E /* social-preview.png in Resources */,
				15230D5E29CB7515006A568E /* README.md in Resources */,
				15230D5229CB7515006A568E /* addView.png in Resources */,
				15230D5C29CB7515006A568E /* PRIVACY.md in Resources */,
				15A493032912D8F600A22C72 /* Preview Assets.xcassets in Resources */,
				15230D5F29CB7515006A568E /* SECURITY.md in Resources */,
				15230D5629CB7515006A568E /* happen___hausaufgaben-1280x720.png in Resources */,
				15230D5D29CB7515006A568E /* CONTRIBUTING.md in Resources */,
				15A493002912D8F600A22C72 /* Assets.xcassets in Resources */,
				15230D5B29CB7515006A568E /* listView.png in Resources */,
				15230D5A29CB7515006A568E /* addView.pxd in Resources */,
				15230D5729CB7515006A568E /* social-preview.pxd in Resources */,
				15230D5329CB7515006A568E /* listView.pxd in Resources */,
			);
			runOnlyForDeploymentPostprocessing = 0;
		};
/* End PBXResourcesBuildPhase section */

/* Begin PBXSourcesBuildPhase section */
		1501599E2AD83F8C00DEA26E /* Sources */ = {
			isa = PBXSourcesBuildPhase;
			buildActionMask = 2147483647;
			files = (
				150159B72AD8405200DEA26E /* HomeworkListView.swift in Sources */,
				150159BE2AD841BC00DEA26E /* ListItemView.swift in Sources */,
				150159A72AD83F8C00DEA26E /* ContentView.swift in Sources */,
				150159A52AD83F8C00DEA26E /* hausaufgabenApp.swift in Sources */,
				150159C22AD84E6F00DEA26E /* AddView.swift in Sources */,
				150159C02AD8446500DEA26E /* ItemDetailView.swift in Sources */,
				150159B52AD8402D00DEA26E /* StarView.swift in Sources */,
				150159BA2AD840E100DEA26E /* Homework.swift in Sources */,
			);
			runOnlyForDeploymentPostprocessing = 0;
		};
		15A492F42912D8F500A22C72 /* Sources */ = {
			isa = PBXSourcesBuildPhase;
			buildActionMask = 2147483647;
			files = (
				15653BE92ADA750800216640 /* AddView.swift in Sources */,
				15E2D5F92AAC4BB100469533 /* StarView.swift in Sources */,
				150159BC2AD8412B00DEA26E /* ListItemView.swift in Sources */,
				15A492FE2912D8F500A22C72 /* ContentView.swift in Sources */,
				15C768E92AD6F1F900CC440C /* HomeworkListView.swift in Sources */,
				15A492FC2912D8F500A22C72 /* hausaufgabenApp.swift in Sources */,
				15C768E72AD5AB5900CC440C /* Homework.swift in Sources */,
			);
			runOnlyForDeploymentPostprocessing = 0;
		};
/* End PBXSourcesBuildPhase section */

/* Begin XCBuildConfiguration section */
		150159AE2AD83F8D00DEA26E /* Debug */ = {
			isa = XCBuildConfiguration;
			buildSettings = {
				ASSETCATALOG_COMPILER_APPICON_NAME = AppIcon;
				ASSETCATALOG_COMPILER_GLOBAL_ACCENT_COLOR_NAME = AccentColor;
				CODE_SIGN_IDENTITY = "Apple Development";
				"CODE_SIGN_IDENTITY[sdk=watchos*]" = "iPhone Distribution";
				CODE_SIGN_STYLE = Manual;
				CURRENT_PROJECT_VERSION = 1;
				DEVELOPMENT_ASSET_PATHS = "\"hausaufgaben Watch App/Preview Content\"";
				DEVELOPMENT_TEAM = "";
				"DEVELOPMENT_TEAM[sdk=watchos*]" = 3ZKC6VXD5Z;
				ENABLE_PREVIEWS = YES;
				GCC_C_LANGUAGE_STANDARD = gnu17;
				GENERATE_INFOPLIST_FILE = YES;
				INFOPLIST_KEY_UISupportedInterfaceOrientations = "UIInterfaceOrientationPortrait UIInterfaceOrientationPortraitUpsideDown";
				INFOPLIST_KEY_WKCompanionAppBundleIdentifier = "";
				INFOPLIST_KEY_WKRunsIndependentlyOfCompanionApp = YES;
				LD_RUNPATH_SEARCH_PATHS = (
					"$(inherited)",
					"@executable_path/Frameworks",
				);
				MARKETING_VERSION = 1.0;
				PRODUCT_BUNDLE_IDENTIFIER = .hausaufgaben.watchkit;
				PRODUCT_NAME = HappyWork;
				PROVISIONING_PROFILE_SPECIFIER = "";
				"PROVISIONING_PROFILE_SPECIFIER[sdk=watchos*]" = HausaufgabenWatchKitApp;
				SDKROOT = watchos;
				SKIP_INSTALL = YES;
				SWIFT_ACTIVE_COMPILATION_CONDITIONS = "DEBUG $(inherited)";
				SWIFT_EMIT_LOC_STRINGS = YES;
				SWIFT_VERSION = 5.0;
				TARGETED_DEVICE_FAMILY = 4;
				WATCHOS_DEPLOYMENT_TARGET = 10.0;
			};
			name = Debug;
		};
		150159AF2AD83F8D00DEA26E /* Release */ = {
			isa = XCBuildConfiguration;
			buildSettings = {
				ASSETCATALOG_COMPILER_APPICON_NAME = AppIcon;
				ASSETCATALOG_COMPILER_GLOBAL_ACCENT_COLOR_NAME = AccentColor;
				CODE_SIGN_IDENTITY = "Apple Development";
				"CODE_SIGN_IDENTITY[sdk=watchos*]" = "iPhone Distribution";
				CODE_SIGN_STYLE = Manual;
				CURRENT_PROJECT_VERSION = 1;
				DEVELOPMENT_ASSET_PATHS = "\"hausaufgaben Watch App/Preview Content\"";
				DEVELOPMENT_TEAM = "";
				"DEVELOPMENT_TEAM[sdk=watchos*]" = 3ZKC6VXD5Z;
				ENABLE_PREVIEWS = YES;
				GCC_C_LANGUAGE_STANDARD = gnu17;
				GENERATE_INFOPLIST_FILE = YES;
				INFOPLIST_KEY_UISupportedInterfaceOrientations = "UIInterfaceOrientationPortrait UIInterfaceOrientationPortraitUpsideDown";
				INFOPLIST_KEY_WKCompanionAppBundleIdentifier = "";
				INFOPLIST_KEY_WKRunsIndependentlyOfCompanionApp = YES;
				LD_RUNPATH_SEARCH_PATHS = (
					"$(inherited)",
					"@executable_path/Frameworks",
				);
				MARKETING_VERSION = 1.0;
				PRODUCT_BUNDLE_IDENTIFIER = .hausaufgaben.watchkit;
				PRODUCT_NAME = HappyWork;
				PROVISIONING_PROFILE_SPECIFIER = "";
				"PROVISIONING_PROFILE_SPECIFIER[sdk=watchos*]" = HausaufgabenWatchKitApp;
				SDKROOT = watchos;
				SKIP_INSTALL = YES;
				SWIFT_EMIT_LOC_STRINGS = YES;
				SWIFT_VERSION = 5.0;
				TARGETED_DEVICE_FAMILY = 4;
				WATCHOS_DEPLOYMENT_TARGET = 10.0;
			};
			name = Release;
		};
		15A493092912D8F600A22C72 /* Debug */ = {
			isa = XCBuildConfiguration;
			buildSettings = {
				ALWAYS_SEARCH_USER_PATHS = NO;
				ASSETCATALOG_COMPILER_GENERATE_SWIFT_ASSET_SYMBOL_EXTENSIONS = YES;
				CLANG_ANALYZER_LOCALIZABILITY_NONLOCALIZED = YES;
				CLANG_ANALYZER_NONNULL = YES;
				CLANG_ANALYZER_NUMBER_OBJECT_CONVERSION = YES_AGGRESSIVE;
				CLANG_CXX_LANGUAGE_STANDARD = "gnu++20";
				CLANG_ENABLE_MODULES = YES;
				CLANG_ENABLE_OBJC_ARC = YES;
				CLANG_ENABLE_OBJC_WEAK = YES;
				CLANG_WARN_BLOCK_CAPTURE_AUTORELEASING = YES;
				CLANG_WARN_BOOL_CONVERSION = YES;
				CLANG_WARN_COMMA = YES;
				CLANG_WARN_CONSTANT_CONVERSION = YES;
				CLANG_WARN_DEPRECATED_OBJC_IMPLEMENTATIONS = YES;
				CLANG_WARN_DIRECT_OBJC_ISA_USAGE = YES_ERROR;
				CLANG_WARN_DOCUMENTATION_COMMENTS = YES;
				CLANG_WARN_EMPTY_BODY = YES;
				CLANG_WARN_ENUM_CONVERSION = YES;
				CLANG_WARN_INFINITE_RECURSION = YES;
				CLANG_WARN_INT_CONVERSION = YES;
				CLANG_WARN_NON_LITERAL_NULL_CONVERSION = YES;
				CLANG_WARN_OBJC_IMPLICIT_RETAIN_SELF = YES;
				CLANG_WARN_OBJC_LITERAL_CONVERSION = YES;
				CLANG_WARN_OBJC_ROOT_CLASS = YES_ERROR;
				CLANG_WARN_QUOTED_INCLUDE_IN_FRAMEWORK_HEADER = YES;
				CLANG_WARN_RANGE_LOOP_ANALYSIS = YES;
				CLANG_WARN_STRICT_PROTOTYPES = YES;
				CLANG_WARN_SUSPICIOUS_MOVE = YES;
				CLANG_WARN_UNGUARDED_AVAILABILITY = YES_AGGRESSIVE;
				CLANG_WARN_UNREACHABLE_CODE = YES;
				CLANG_WARN__DUPLICATE_METHOD_MATCH = YES;
				COPY_PHASE_STRIP = NO;
				DEBUG_INFORMATION_FORMAT = dwarf;
				ENABLE_STRICT_OBJC_MSGSEND = YES;
				ENABLE_TESTABILITY = YES;
				ENABLE_USER_SCRIPT_SANDBOXING = YES;
				GCC_C_LANGUAGE_STANDARD = gnu11;
				GCC_DYNAMIC_NO_PIC = NO;
				GCC_NO_COMMON_BLOCKS = YES;
				GCC_OPTIMIZATION_LEVEL = 0;
				GCC_PREPROCESSOR_DEFINITIONS = (
					"DEBUG=1",
					"$(inherited)",
				);
				GCC_WARN_64_TO_32_BIT_CONVERSION = YES;
				GCC_WARN_ABOUT_RETURN_TYPE = YES_ERROR;
				GCC_WARN_UNDECLARED_SELECTOR = YES;
				GCC_WARN_UNINITIALIZED_AUTOS = YES_AGGRESSIVE;
				GCC_WARN_UNUSED_FUNCTION = YES;
				GCC_WARN_UNUSED_VARIABLE = YES;
				IPHONEOS_DEPLOYMENT_TARGET = 17.0;
				LOCALIZATION_PREFERS_STRING_CATALOGS = YES;
				MTL_ENABLE_DEBUG_INFO = INCLUDE_SOURCE;
				MTL_FAST_MATH = YES;
				ONLY_ACTIVE_ARCH = YES;
				SDKROOT = iphoneos;
				SWIFT_ACTIVE_COMPILATION_CONDITIONS = DEBUG;
				SWIFT_EMIT_LOC_STRINGS = YES;
				SWIFT_OPTIMIZATION_LEVEL = "-Onone";
			};
			name = Debug;
		};
		15A4930A2912D8F600A22C72 /* Release */ = {
			isa = XCBuildConfiguration;
			buildSettings = {
				ALWAYS_SEARCH_USER_PATHS = NO;
				ASSETCATALOG_COMPILER_GENERATE_SWIFT_ASSET_SYMBOL_EXTENSIONS = YES;
				CLANG_ANALYZER_LOCALIZABILITY_NONLOCALIZED = YES;
				CLANG_ANALYZER_NONNULL = YES;
				CLANG_ANALYZER_NUMBER_OBJECT_CONVERSION = YES_AGGRESSIVE;
				CLANG_CXX_LANGUAGE_STANDARD = "gnu++20";
				CLANG_ENABLE_MODULES = YES;
				CLANG_ENABLE_OBJC_ARC = YES;
				CLANG_ENABLE_OBJC_WEAK = YES;
				CLANG_WARN_BLOCK_CAPTURE_AUTORELEASING = YES;
				CLANG_WARN_BOOL_CONVERSION = YES;
				CLANG_WARN_COMMA = YES;
				CLANG_WARN_CONSTANT_CONVERSION = YES;
				CLANG_WARN_DEPRECATED_OBJC_IMPLEMENTATIONS = YES;
				CLANG_WARN_DIRECT_OBJC_ISA_USAGE = YES_ERROR;
				CLANG_WARN_DOCUMENTATION_COMMENTS = YES;
				CLANG_WARN_EMPTY_BODY = YES;
				CLANG_WARN_ENUM_CONVERSION = YES;
				CLANG_WARN_INFINITE_RECURSION = YES;
				CLANG_WARN_INT_CONVERSION = YES;
				CLANG_WARN_NON_LITERAL_NULL_CONVERSION = YES;
				CLANG_WARN_OBJC_IMPLICIT_RETAIN_SELF = YES;
				CLANG_WARN_OBJC_LITERAL_CONVERSION = YES;
				CLANG_WARN_OBJC_ROOT_CLASS = YES_ERROR;
				CLANG_WARN_QUOTED_INCLUDE_IN_FRAMEWORK_HEADER = YES;
				CLANG_WARN_RANGE_LOOP_ANALYSIS = YES;
				CLANG_WARN_STRICT_PROTOTYPES = YES;
				CLANG_WARN_SUSPICIOUS_MOVE = YES;
				CLANG_WARN_UNGUARDED_AVAILABILITY = YES_AGGRESSIVE;
				CLANG_WARN_UNREACHABLE_CODE = YES;
				CLANG_WARN__DUPLICATE_METHOD_MATCH = YES;
				COPY_PHASE_STRIP = NO;
				DEBUG_INFORMATION_FORMAT = "dwarf-with-dsym";
				ENABLE_NS_ASSERTIONS = NO;
				ENABLE_STRICT_OBJC_MSGSEND = YES;
				ENABLE_USER_SCRIPT_SANDBOXING = YES;
				GCC_C_LANGUAGE_STANDARD = gnu11;
				GCC_NO_COMMON_BLOCKS = YES;
				GCC_WARN_64_TO_32_BIT_CONVERSION = YES;
				GCC_WARN_ABOUT_RETURN_TYPE = YES_ERROR;
				GCC_WARN_UNDECLARED_SELECTOR = YES;
				GCC_WARN_UNINITIALIZED_AUTOS = YES_AGGRESSIVE;
				GCC_WARN_UNUSED_FUNCTION = YES;
				GCC_WARN_UNUSED_VARIABLE = YES;
				IPHONEOS_DEPLOYMENT_TARGET = 17.0;
				LOCALIZATION_PREFERS_STRING_CATALOGS = YES;
				MTL_ENABLE_DEBUG_INFO = NO;
				MTL_FAST_MATH = YES;
				SDKROOT = iphoneos;
				SWIFT_COMPILATION_MODE = wholemodule;
				SWIFT_EMIT_LOC_STRINGS = YES;
				SWIFT_OPTIMIZATION_LEVEL = "-O";
				VALIDATE_PRODUCT = YES;
			};
			name = Release;
		};
		15A4930C2912D8F600A22C72 /* Debug */ = {
			isa = XCBuildConfiguration;
			buildSettings = {
				ALWAYS_EMBED_SWIFT_STANDARD_LIBRARIES = YES;
				ASSETCATALOG_COMPILER_APPICON_NAME = AppIcon;
				ASSETCATALOG_COMPILER_GLOBAL_ACCENT_COLOR_NAME = AccentColor;
				"CODE_SIGN_IDENTITY[sdk=iphoneos*]" = "iPhone Distribution";
				CODE_SIGN_STYLE = Manual;
				CURRENT_PROJECT_VERSION = 8;
				DEVELOPMENT_ASSET_PATHS = "\"hausaufgaben/Preview Content\"";
				DEVELOPMENT_TEAM = "";
				"DEVELOPMENT_TEAM[sdk=iphoneos*]" = 3ZKC6VXD5Z;
				ENABLE_PREVIEWS = YES;
				GENERATE_INFOPLIST_FILE = YES;
				INFOPLIST_FILE = hausaufgaben/Info.plist;
				INFOPLIST_KEY_CFBundleDisplayName = HappyWork;
				INFOPLIST_KEY_LSApplicationCategoryType = "public.app-category.education";
				INFOPLIST_KEY_UIApplicationSceneManifest_Generation = YES;
				INFOPLIST_KEY_UIApplicationSupportsIndirectInputEvents = YES;
				INFOPLIST_KEY_UILaunchScreen_Generation = YES;
				INFOPLIST_KEY_UIRequiresFullScreen = NO;
				INFOPLIST_KEY_UISupportedInterfaceOrientations = "UIInterfaceOrientationPortrait UIInterfaceOrientationPortraitUpsideDown";
				IPHONEOS_DEPLOYMENT_TARGET = 17.0;
				LD_RUNPATH_SEARCH_PATHS = (
					"$(inherited)",
					"@executable_path/Frameworks",
				);
				MARKETING_VERSION = 1.3;
				PRODUCT_BUNDLE_IDENTIFIER = io.github.miwarn.hausaufgaben;
				PRODUCT_NAME = "$(TARGET_NAME)";
				PROVISIONING_PROFILE_SPECIFIER = "";
				"PROVISIONING_PROFILE_SPECIFIER[sdk=iphoneos*]" = HausaufgabenApp;
				SUPPORTED_PLATFORMS = "iphoneos iphonesimulator";
				SUPPORTS_MACCATALYST = NO;
				SUPPORTS_MAC_DESIGNED_FOR_IPHONE_IPAD = NO;
				SUPPORTS_XR_DESIGNED_FOR_IPHONE_IPAD = NO;
				SWIFT_EMIT_LOC_STRINGS = YES;
				SWIFT_VERSION = 5.0;
				TARGETED_DEVICE_FAMILY = 1;
			};
			name = Debug;
		};
		15A4930D2912D8F600A22C72 /* Release */ = {
			isa = XCBuildConfiguration;
			buildSettings = {
				ALWAYS_EMBED_SWIFT_STANDARD_LIBRARIES = YES;
				ASSETCATALOG_COMPILER_APPICON_NAME = AppIcon;
				ASSETCATALOG_COMPILER_GLOBAL_ACCENT_COLOR_NAME = AccentColor;
				"CODE_SIGN_IDENTITY[sdk=iphoneos*]" = "iPhone Distribution";
				CODE_SIGN_STYLE = Manual;
				CURRENT_PROJECT_VERSION = 8;
				DEVELOPMENT_ASSET_PATHS = "\"hausaufgaben/Preview Content\"";
				DEVELOPMENT_TEAM = "";
				"DEVELOPMENT_TEAM[sdk=iphoneos*]" = 3ZKC6VXD5Z;
				ENABLE_PREVIEWS = YES;
				GENERATE_INFOPLIST_FILE = YES;
				INFOPLIST_FILE = hausaufgaben/Info.plist;
				INFOPLIST_KEY_CFBundleDisplayName = HappyWork;
				INFOPLIST_KEY_LSApplicationCategoryType = "public.app-category.education";
				INFOPLIST_KEY_UIApplicationSceneManifest_Generation = YES;
				INFOPLIST_KEY_UIApplicationSupportsIndirectInputEvents = YES;
				INFOPLIST_KEY_UILaunchScreen_Generation = YES;
				INFOPLIST_KEY_UIRequiresFullScreen = NO;
				INFOPLIST_KEY_UISupportedInterfaceOrientations = "UIInterfaceOrientationPortrait UIInterfaceOrientationPortraitUpsideDown";
				IPHONEOS_DEPLOYMENT_TARGET = 17.0;
				LD_RUNPATH_SEARCH_PATHS = (
					"$(inherited)",
					"@executable_path/Frameworks",
				);
				MARKETING_VERSION = 1.3;
				PRODUCT_BUNDLE_IDENTIFIER = io.github.miwarn.hausaufgaben;
				PRODUCT_NAME = "$(TARGET_NAME)";
				PROVISIONING_PROFILE_SPECIFIER = "";
				"PROVISIONING_PROFILE_SPECIFIER[sdk=iphoneos*]" = HausaufgabenApp;
				SUPPORTED_PLATFORMS = "iphoneos iphonesimulator";
				SUPPORTS_MACCATALYST = NO;
				SUPPORTS_MAC_DESIGNED_FOR_IPHONE_IPAD = NO;
				SWIFT_EMIT_LOC_STRINGS = YES;
				SWIFT_VERSION = 5.0;
				TARGETED_DEVICE_FAMILY = 1;
			};
			name = Release;
		};
/* End XCBuildConfiguration section */

/* Begin XCConfigurationList section */
		150159AD2AD83F8D00DEA26E /* Build configuration list for PBXNativeTarget "hausaufgaben Watch App" */ = {
			isa = XCConfigurationList;
			buildConfigurations = (
				150159AE2AD83F8D00DEA26E /* Debug */,
				150159AF2AD83F8D00DEA26E /* Release */,
			);
			defaultConfigurationIsVisible = 0;
			defaultConfigurationName = Release;
		};
		15A492F32912D8F500A22C72 /* Build configuration list for PBXProject "hausaufgaben" */ = {
			isa = XCConfigurationList;
			buildConfigurations = (
				15A493092912D8F600A22C72 /* Debug */,
				15A4930A2912D8F600A22C72 /* Release */,
			);
			defaultConfigurationIsVisible = 0;
			defaultConfigurationName = Release;
		};
		15A4930B2912D8F600A22C72 /* Build configuration list for PBXNativeTarget "hausaufgaben" */ = {
			isa = XCConfigurationList;
			buildConfigurations = (
				15A4930C2912D8F600A22C72 /* Debug */,
				15A4930D2912D8F600A22C72 /* Release */,
			);
			defaultConfigurationIsVisible = 0;
			defaultConfigurationName = Release;
		};
/* End XCConfigurationList section */
	};
	rootObject = 15A492F02912D8F500A22C72 /* Project object */;
}
